
Microsoft Visual Studio Solution File, Format Version 12.00
# Visual Studio 15
Project("{FAE04EC0-301F-11D3-BF4B-00C04F79EFBC}") = "Assembly-CSharp", "Assembly-CSharp.csproj", "{24DB2D84-980E-8591-345B-3088F3B97031}"
EndProject
Project("{FAE04EC0-301F-11D3-BF4B-00C04F79EFBC}") = "Assembly-CSharp-Editor", "Assembly-CSharp-Editor.csproj", "{CFFDF741-311D-3C35-E6DE-41E888EF52D5}"
EndProject
Global
	GlobalSection(SolutionConfigurationPlatforms) = preSolution
		Debug|Any CPU = Debug|Any CPU
		Release|Any CPU = Release|Any CPU
	EndGlobalSection
	GlobalSection(ProjectConfigurationPlatforms) = postSolution
		{24DB2D84-980E-8591-345B-3088F3B97031}.Debug|Any CPU.ActiveCfg = Debug|Any CPU
		{24DB2D84-980E-8591-345B-3088F3B97031}.Debug|Any CPU.Build.0 = Debug|Any CPU
		{24DB2D84-980E-8591-345B-3088F3B97031}.Release|Any CPU.ActiveCfg = Release|Any CPU
		{24DB2D84-980E-8591-345B-3088F3B97031}.Release|Any CPU.Build.0 = Release|Any CPU
		{CFFDF741-311D-3C35-E6DE-41E888EF52D5}.Debug|Any CPU.ActiveCfg = Debug|Any CPU
		{CFFDF741-311D-3C35-E6DE-41E888EF52D5}.Debug|Any CPU.Build.0 = Debug|Any CPU
		{CFFDF741-311D-3C35-E6DE-41E888EF52D5}.Release|Any CPU.ActiveCfg = Release|Any CPU
		{CFFDF741-311D-3C35-E6DE-41E888EF52D5}.Release|Any CPU.Build.0 = Release|Any CPU
	EndGlobalSection
	GlobalSection(SolutionProperties) = preSolution
		HideSolutionNode = FALSE
	EndGlobalSection
EndGlobal
